
Microsoft Visual Studio Solution File, Format Version 12.00
# Visual Studio 15
VisualStudioVersion = 15.0.28307.1231
MinimumVisualStudioVersion = 10.0.40219.1
Project("{FAE04EC0-301F-11D3-BF4B-00C04F79EFBC}") = "FED1StudioProject", "FED1StudioProject\FED1StudioProject.csproj", "{4C14FD34-0068-411E-9B18-912E3EAD65D7}"
EndProject
Global
	GlobalSection(SolutionConfigurationPlatforms) = preSolution
		Debug|Any CPU = Debug|Any CPU
		Release|Any CPU = Release|Any CPU
	EndGlobalSection
	GlobalSection(ProjectConfigurationPlatforms) = postSolution
		{4C14FD34-0068-411E-9B18-912E3EAD65D7}.Debug|Any CPU.ActiveCfg = Debug|Any CPU
		{4C14FD34-0068-411E-9B18-912E3EAD65D7}.Debug|Any CPU.Build.0 = Debug|Any CPU
		{4C14FD34-0068-411E-9B18-912E3EAD65D7}.Release|Any CPU.ActiveCfg = Release|Any CPU
		{4C14FD34-0068-411E-9B18-912E3EAD65D7}.Release|Any CPU.Build.0 = Release|Any CPU
	EndGlobalSection
	GlobalSection(SolutionProperties) = preSolution
		HideSolutionNode = FALSE
	EndGlobalSection
	GlobalSection(ExtensibilityGlobals) = postSolution
		SolutionGuid = {75E9AE24-1045-4A1D-9183-AEDFA829B32F}
	EndGlobalSection
EndGlobal
